
Microsoft Visual Studio Solution File, Format Version 12.00
# Visual Studio Version 17
VisualStudioVersion = 17.7.34031.279
MinimumVisualStudioVersion = 10.0.40219.1
Project("{FAE04EC0-301F-11D3-BF4B-00C04F79EFBC}") = "Dz 13", "Dz 13\Dz 13.csproj", "{5D6A6D8D-EFD5-4042-BA86-1DE6165DA9DB}"
EndProject
Global
	GlobalSection(SolutionConfigurationPlatforms) = preSolution
		Debug|Any CPU = Debug|Any CPU
		Release|Any CPU = Release|Any CPU
	EndGlobalSection
	GlobalSection(ProjectConfigurationPlatforms) = postSolution
		{5D6A6D8D-EFD5-4042-BA86-1DE6165DA9DB}.Debug|Any CPU.ActiveCfg = Debug|Any CPU
		{5D6A6D8D-EFD5-4042-BA86-1DE6165DA9DB}.Debug|Any CPU.Build.0 = Debug|Any CPU
		{5D6A6D8D-EFD5-4042-BA86-1DE6165DA9DB}.Release|Any CPU.ActiveCfg = Release|Any CPU
		{5D6A6D8D-EFD5-4042-BA86-1DE6165DA9DB}.Release|Any CPU.Build.0 = Release|Any CPU
	EndGlobalSection
	GlobalSection(SolutionProperties) = preSolution
		HideSolutionNode = FALSE
	EndGlobalSection
	GlobalSection(ExtensibilityGlobals) = postSolution
		SolutionGuid = {D710227B-C294-4A84-A677-051724D8EDB7}
	EndGlobalSection
EndGlobal
